
Microsoft Visual Studio Solution File, Format Version 12.00
# Visual Studio 15
VisualStudioVersion = 15.0.28307.136
MinimumVisualStudioVersion = 10.0.40219.1
Project("{FAE04EC0-301F-11D3-BF4B-00C04F79EFBC}") = "TicTacToe", "TicTacToe\TicTacToe.csproj", "{4EEDE7D0-57AA-4937-A0B7-072919E657CE}"
EndProject
Project("{FAE04EC0-301F-11D3-BF4B-00C04F79EFBC}") = "TicTacToe.Server", "TicTacToe.Server\TicTacToe.Server.csproj", "{B641FB0F-7266-448E-A226-D76F0189D649}"
EndProject
Project("{FAE04EC0-301F-11D3-BF4B-00C04F79EFBC}") = "TicTacToe.Core", "TicTacToe.Core\TicTacToe.Core.csproj", "{67FEC498-F314-4CCF-858F-303D1C4B6F9E}"
EndProject
Global
	GlobalSection(SolutionConfigurationPlatforms) = preSolution
		Debug|Any CPU = Debug|Any CPU
		Release|Any CPU = Release|Any CPU
	EndGlobalSection
	GlobalSection(ProjectConfigurationPlatforms) = postSolution
		{4EEDE7D0-57AA-4937-A0B7-072919E657CE}.Debug|Any CPU.ActiveCfg = Debug|Any CPU
		{4EEDE7D0-57AA-4937-A0B7-072919E657CE}.Debug|Any CPU.Build.0 = Debug|Any CPU
		{4EEDE7D0-57AA-4937-A0B7-072919E657CE}.Release|Any CPU.ActiveCfg = Release|Any CPU
		{4EEDE7D0-57AA-4937-A0B7-072919E657CE}.Release|Any CPU.Build.0 = Release|Any CPU
		{B641FB0F-7266-448E-A226-D76F0189D649}.Debug|Any CPU.ActiveCfg = Debug|Any CPU
		{B641FB0F-7266-448E-A226-D76F0189D649}.Debug|Any CPU.Build.0 = Debug|Any CPU
		{B641FB0F-7266-448E-A226-D76F0189D649}.Release|Any CPU.ActiveCfg = Release|Any CPU
		{B641FB0F-7266-448E-A226-D76F0189D649}.Release|Any CPU.Build.0 = Release|Any CPU
		{67FEC498-F314-4CCF-858F-303D1C4B6F9E}.Debug|Any CPU.ActiveCfg = Debug|Any CPU
		{67FEC498-F314-4CCF-858F-303D1C4B6F9E}.Debug|Any CPU.Build.0 = Debug|Any CPU
		{67FEC498-F314-4CCF-858F-303D1C4B6F9E}.Release|Any CPU.ActiveCfg = Release|Any CPU
		{67FEC498-F314-4CCF-858F-303D1C4B6F9E}.Release|Any CPU.Build.0 = Release|Any CPU
	EndGlobalSection
	GlobalSection(SolutionProperties) = preSolution
		HideSolutionNode = FALSE
	EndGlobalSection
	GlobalSection(ExtensibilityGlobals) = postSolution
		SolutionGuid = {E215A158-C476-4CD0-9056-9E9A85B6E5AF}
	EndGlobalSection
EndGlobal
